lockfileVersion: '6.0'

settings:
  autoInstallPeers: true
  excludeLinksFromLockfile: false

importers:

  .: {}

  packages/components:
    dependencies:
      vue:
        specifier: ^3.4.20
        version: 3.4.20

packages:

  /@babel/helper-string-parser@7.23.4:
    resolution: {integrity: sha512-803gmbQdqwdf4olxrX4AJyFBV/RTr3rSmOj0rKwesmzlfhYNDEs+/iOcznzpNWlJlIlTJC2QfPFcHB6DlzdVLQ==, tarball: https://registry.npmmirror.com/@babel/helper-string-parser/-/helper-string-parser-7.23.4.tgz}
    engines: {node: '>=6.9.0'}
    dev: false

  /@babel/helper-validator-identifier@7.22.20:
    resolution: {integrity: sha512-Y4OZ+ytlatR8AI+8KZfKuL5urKp7qey08ha31L8b3BwewJAoJamTzyvxPR/5D+KkdJCGPq/+8TukHBlY10FX9A==, tarball: https://registry.npmmirror.com/@babel/helper-validator-identifier/-/helper-validator-identifier-7.22.20.tgz}
    engines: {node: '>=6.9.0'}
    dev: false

  /@babel/parser@7.23.9:
    resolution: {integrity: sha512-9tcKgqKbs3xGJ+NtKF2ndOBBLVwPjl1SHxPQkd36r3Dlirw3xWUeGaTbqr7uGZcTaxkVNwc+03SVP7aCdWrTlA==, tarball: https://registry.npmmirror.com/@babel/parser/-/parser-7.23.9.tgz}
    engines: {node: '>=6.0.0'}
    hasBin: true
    dependencies:
      '@babel/types': 7.23.9
    dev: false

  /@babel/types@7.23.9:
    resolution: {integrity: sha512-dQjSq/7HaSjRM43FFGnv5keM2HsxpmyV1PfaSVm0nzzjwwTmjOe6J4bC8e3+pTEIgHaHj+1ZlLThRJ2auc/w1Q==, tarball: https://registry.npmmirror.com/@babel/types/-/types-7.23.9.tgz}
    engines: {node: '>=6.9.0'}
    dependencies:
      '@babel/helper-string-parser': 7.23.4
      '@babel/helper-validator-identifier': 7.22.20
      to-fast-properties: 2.0.0
    dev: false

  /@jridgewell/sourcemap-codec@1.4.15:
    resolution: {integrity: sha512-eF2rxCRulEKXHTRiDrDy6erMYWqNw4LPdQ8UQA4huuxaQsVeRPFl2oM8oDGxMFhJUWZf9McpLtJasDDZb/Bpeg==, tarball: https://registry.npmmirror.com/@jridgewell/sourcemap-codec/-/sourcemap-codec-1.4.15.tgz}
    dev: false

  /@vue/compiler-core@3.4.20:
    resolution: {integrity: sha512-l7M+xUuL8hrGtRLkrf+62d9zucAdgqNBTbJ/NufCOIuJQhauhfyAKH9ra/qUctCXcULwmclGAVpvmxjbBO30qg==, tarball: https://registry.npmmirror.com/@vue/compiler-core/-/compiler-core-3.4.20.tgz}
    dependencies:
      '@babel/parser': 7.23.9
      '@vue/shared': 3.4.20
      entities: 4.5.0
      estree-walker: 2.0.2
      source-map-js: 1.0.2
    dev: false

  /@vue/compiler-dom@3.4.20:
    resolution: {integrity: sha512-/cSBGL79HFBYgDnqCNKErOav3bPde3n0sJwJM2Z09rXlkiowV/2SG1tgDAiWS1CatS4Cvo0o74e1vNeCK1R3RA==, tarball: https://registry.npmmirror.com/@vue/compiler-dom/-/compiler-dom-3.4.20.tgz}
    dependencies:
      '@vue/compiler-core': 3.4.20
      '@vue/shared': 3.4.20
    dev: false

  /@vue/compiler-sfc@3.4.20:
    resolution: {integrity: sha512-nPuTZz0yxTPzjyYe+9nQQsFYImcz/57UX8N3jyhl5oIUUs2jqqAMaULsAlJwve3qNYfjQzq0bwy3pqJrN9ecZw==, tarball: https://registry.npmmirror.com/@vue/compiler-sfc/-/compiler-sfc-3.4.20.tgz}
    dependencies:
      '@babel/parser': 7.23.9
      '@vue/compiler-core': 3.4.20
      '@vue/compiler-dom': 3.4.20
      '@vue/compiler-ssr': 3.4.20
      '@vue/shared': 3.4.20
      estree-walker: 2.0.2
      magic-string: 0.30.7
      postcss: 8.4.35
      source-map-js: 1.0.2
    dev: false

  /@vue/compiler-ssr@3.4.20:
    resolution: {integrity: sha512-b3gFQPiHLvI12C56otzBPpQhZ5kgkJ5RMv/zpLjLC2BIFwX5GktDqYQ7xg0Q2grP6uFI8al3beVKvAVxFtXmIg==, tarball: https://registry.npmmirror.com/@vue/compiler-ssr/-/compiler-ssr-3.4.20.tgz}
    dependencies:
      '@vue/compiler-dom': 3.4.20
      '@vue/shared': 3.4.20
    dev: false

  /@vue/reactivity@3.4.20:
    resolution: {integrity: sha512-P5LJcxUkG6inlHr6MHVA4AVFAmRYJQ7ONGWJILNjMjoYuEXFhYviSCb9BEMyszSG/1kWCZbtWQlKSLasFRpThw==, tarball: https://registry.npmmirror.com/@vue/reactivity/-/reactivity-3.4.20.tgz}
    dependencies:
      '@vue/shared': 3.4.20
    dev: false

  /@vue/runtime-core@3.4.20:
    resolution: {integrity: sha512-MPvsQpGAxoBqLHjqopt4YPtUYBpq0K6oAWDTwIR1CTNZ3y9O/J2ZVh+i2JpxKNYwANJBiZ20O99NE20uisB7xw==, tarball: https://registry.npmmirror.com/@vue/runtime-core/-/runtime-core-3.4.20.tgz}
    dependencies:
      '@vue/reactivity': 3.4.20
      '@vue/shared': 3.4.20
    dev: false

  /@vue/runtime-dom@3.4.20:
    resolution: {integrity: sha512-OkbPVP69H+8m74543zMAAx/LIkajxufYyow41gc0s5iF0uplT5uTQ4llDYu1GeJZEI8wjL5ueiPQruk4qwOMmA==, tarball: https://registry.npmmirror.com/@vue/runtime-dom/-/runtime-dom-3.4.20.tgz}
    dependencies:
      '@vue/runtime-core': 3.4.20
      '@vue/shared': 3.4.20
      csstype: 3.1.3
    dev: false

  /@vue/server-renderer@3.4.20(vue@3.4.20):
    resolution: {integrity: sha512-w3VH2GuwxQHA6pJo/HCV22OfVC8Mw4oeHQM+vKeqtRK0OPE1Wilnh+P/SDVGGxPjJsGmyfphi0dbw8UKZQJH9w==, tarball: https://registry.npmmirror.com/@vue/server-renderer/-/server-renderer-3.4.20.tgz}
    peerDependencies:
      vue: 3.4.20
    dependencies:
      '@vue/compiler-ssr': 3.4.20
      '@vue/shared': 3.4.20
      vue: 3.4.20
    dev: false

  /@vue/shared@3.4.20:
    resolution: {integrity: sha512-KTEngal0aiUvNJ6I1Chk5Ew5XqChsFsxP4GKAYXWb99zKJWjNU72p2FWEOmZWHxHcqtniOJsgnpd3zizdpfEag==, tarball: https://registry.npmmirror.com/@vue/shared/-/shared-3.4.20.tgz}
    dev: false

  /csstype@3.1.3:
    resolution: {integrity: sha512-M1uQkMl8rQK/szD0LNhtqxIPLpimGm8sOBwU7lLnCpSbTyY3yeU1Vc7l4KT5zT4s/yOxHH5O7tIuuLOCnLADRw==, tarball: https://registry.npmmirror.com/csstype/-/csstype-3.1.3.tgz}
    dev: false

  /entities@4.5.0:
    resolution: {integrity: sha512-V0hjH4dGPh9Ao5p0MoRY6BVqtwCjhz6vI5LT8AJ55H+4g9/4vbHx1I54fS0XuclLhDHArPQCiMjDxjaL8fPxhw==, tarball: https://registry.npmmirror.com/entities/-/entities-4.5.0.tgz}
    engines: {node: '>=0.12'}
    dev: false

  /estree-walker@2.0.2:
    resolution: {integrity: sha512-Rfkk/Mp/DL7JVje3u18FxFujQlTNR2q6QfMSMB7AvCBx91NGj/ba3kCfza0f6dVDbw7YlRf/nDrn7pQrCCyQ/w==, tarball: https://registry.npmmirror.com/estree-walker/-/estree-walker-2.0.2.tgz}
    dev: false

  /magic-string@0.30.7:
    resolution: {integrity: sha512-8vBuFF/I/+OSLRmdf2wwFCJCz+nSn0m6DPvGH1fS/KiQoSaR+sETbov0eIk9KhEKy8CYqIkIAnbohxT/4H0kuA==, tarball: https://registry.npmmirror.com/magic-string/-/magic-string-0.30.7.tgz}
    engines: {node: '>=12'}
    dependencies:
      '@jridgewell/sourcemap-codec': 1.4.15
    dev: false

  /nanoid@3.3.7:
    resolution: {integrity: sha512-eSRppjcPIatRIMC1U6UngP8XFcz8MQWGQdt1MTBQ7NaAmvXDfvNxbvWV3x2y6CdEUciCSsDHDQZbhYaB8QEo2g==, tarball: https://registry.npmmirror.com/nanoid/-/nanoid-3.3.7.tgz}
    engines: {node: ^10 || ^12 || ^13.7 || ^14 || >=15.0.1}
    hasBin: true
    dev: false

  /picocolors@1.0.0:
    resolution: {integrity: sha512-1fygroTLlHu66zi26VoTDv8yRgm0Fccecssto+MhsZ0D/DGW2sm8E8AjW7NU5VVTRt5GxbeZ5qBuJr+HyLYkjQ==, tarball: https://registry.npmmirror.com/picocolors/-/picocolors-1.0.0.tgz}
    dev: false

  /postcss@8.4.35:
    resolution: {integrity: sha512-u5U8qYpBCpN13BsiEB0CbR1Hhh4Gc0zLFuedrHJKMctHCHAGrMdG0PRM/KErzAL3CU6/eckEtmHNB3x6e3c0vA==, tarball: https://registry.npmmirror.com/postcss/-/postcss-8.4.35.tgz}
    engines: {node: ^10 || ^12 || >=14}
    dependencies:
      nanoid: 3.3.7
      picocolors: 1.0.0
      source-map-js: 1.0.2
    dev: false

  /source-map-js@1.0.2:
    resolution: {integrity: sha512-R0XvVJ9WusLiqTCEiGCmICCMplcCkIwwR11mOSD9CR5u+IXYdiseeEuXCVAjS54zqwkLcPNnmU4OeJ6tUrWhDw==, tarball: https://registry.npmmirror.com/source-map-js/-/source-map-js-1.0.2.tgz}
    engines: {node: '>=0.10.0'}
    dev: false

  /to-fast-properties@2.0.0:
    resolution: {integrity: sha512-/OaKK0xYrs3DmxRYqL/yDc+FxFUVYhDlXMhRmv3z915w2HF1tnN1omB354j8VUGO/hbRzyD6Y3sA7v7GS/ceog==, tarball: https://registry.npmmirror.com/to-fast-properties/-/to-fast-properties-2.0.0.tgz}
    engines: {node: '>=4'}
    dev: false

  /vue@3.4.20:
    resolution: {integrity: sha512-xF4zDKXp67NjgORFX/HOuaiaKYjgxkaToK0KWglFQEYlCw9AqgBlj1yu5xa6YaRek47w2IGiuvpvrGg/XuQFCw==, tarball: https://registry.npmmirror.com/vue/-/vue-3.4.20.tgz}
    peerDependencies:
      typescript: '*'
    peerDependenciesMeta:
      typescript:
        optional: true
    dependencies:
      '@vue/compiler-dom': 3.4.20
      '@vue/compiler-sfc': 3.4.20
      '@vue/runtime-dom': 3.4.20
      '@vue/server-renderer': 3.4.20(vue@3.4.20)
      '@vue/shared': 3.4.20
    dev: false
